// !$*UTF8*$!
{
	archiveVersion = 1;
	classes = {
	};
	objectVersion = 50;
	objects = {

/* Begin PBXBuildFile section */
		18A2CE9426DF8A3A00897592 /* AppDelegate.swift in Sources */ = {isa = PBXBuildFile; fileRef = 18A2CE9326DF8A3A00897592 /* AppDelegate.swift */; };
		18A2CE9626DF8A3A00897592 /* SceneDelegate.swift in Sources */ = {isa = PBXBuildFile; fileRef = 18A2CE9526DF8A3A00897592 /* SceneDelegate.swift */; };
		18A2CE9826DF8A3A00897592 /* ConversationsViewController.swift in Sources */ = {isa = PBXBuildFile; fileRef = 18A2CE9726DF8A3A00897592 /* ConversationsViewController.swift */; };
		18A2CE9B26DF8A3A00897592 /* Main.storyboard in Resources */ = {isa = PBXBuildFile; fileRef = 18A2CE9926DF8A3A00897592 /* Main.storyboard */; };
		18A2CE9D26DF8A3E00897592 /* Assets.xcassets in Resources */ = {isa = PBXBuildFile; fileRef = 18A2CE9C26DF8A3E00897592 /* Assets.xcassets */; };
		18A2CEA026DF8A3E00897592 /* LaunchScreen.storyboard in Resources */ = {isa = PBXBuildFile; fileRef = 18A2CE9E26DF8A3E00897592 /* LaunchScreen.storyboard */; };
		18A2CEAE26DF8E7800897592 /* LoginViewController.swift in Sources */ = {isa = PBXBuildFile; fileRef = 18A2CEAD26DF8E7800897592 /* LoginViewController.swift */; };
		18A2CEB026DF8EAD00897592 /* RegisterViewController.swift in Sources */ = {isa = PBXBuildFile; fileRef = 18A2CEAF26DF8EAD00897592 /* RegisterViewController.swift */; };
		18A2CEB226DF8EC500897592 /* PhotoViewerViewController.swift in Sources */ = {isa = PBXBuildFile; fileRef = 18A2CEB126DF8EC500897592 /* PhotoViewerViewController.swift */; };
		18A2CEB426DF8EE600897592 /* VideoPlayerViewController.swift in Sources */ = {isa = PBXBuildFile; fileRef = 18A2CEB326DF8EE600897592 /* VideoPlayerViewController.swift */; };
		18A2CEB626DF8F1B00897592 /* NewConversationViewController.swift in Sources */ = {isa = PBXBuildFile; fileRef = 18A2CEB526DF8F1B00897592 /* NewConversationViewController.swift */; };
		18A2CEB826DF8F3F00897592 /* ProfileViewController.swift in Sources */ = {isa = PBXBuildFile; fileRef = 18A2CEB726DF8F3F00897592 /* ProfileViewController.swift */; };
/* End PBXBuildFile section */

/* Begin PBXFileReference section */
		18A2CE9026DF8A3A00897592 /* Chat-Messenger-iOS.app */ = {isa = PBXFileReference; explicitFileType = wrapper.application; includeInIndex = 0; path = "Chat-Messenger-iOS.app"; sourceTree = BUILT_PRODUCTS_DIR; };
		18A2CE9326DF8A3A00897592 /* AppDelegate.swift */ = {isa = PBXFileReference; lastKnownFileType = sourcecode.swift; path = AppDelegate.swift; sourceTree = "<group>"; };
		18A2CE9526DF8A3A00897592 /* SceneDelegate.swift */ = {isa = PBXFileReference; lastKnownFileType = sourcecode.swift; path = SceneDelegate.swift; sourceTree = "<group>"; };
		18A2CE9726DF8A3A00897592 /* ConversationsViewController.swift */ = {isa = PBXFileReference; lastKnownFileType = sourcecode.swift; path = ConversationsViewController.swift; sourceTree = "<group>"; };
		18A2CE9A26DF8A3A00897592 /* Base */ = {isa = PBXFileReference; lastKnownFileType = file.storyboard; name = Base; path = Base.lproj/Main.storyboard; sourceTree = "<group>"; };
		18A2CE9C26DF8A3E00897592 /* Assets.xcassets */ = {isa = PBXFileReference; lastKnownFileType = folder.assetcatalog; path = Assets.xcassets; sourceTree = "<group>"; };
		18A2CE9F26DF8A3E00897592 /* Base */ = {isa = PBXFileReference; lastKnownFileType = file.storyboard; name = Base; path = Base.lproj/LaunchScreen.storyboard; sourceTree = "<group>"; };
		18A2CEA126DF8A3E00897592 /* Info.plist */ = {isa = PBXFileReference; lastKnownFileType = text.plist.xml; path = Info.plist; sourceTree = "<group>"; };
		18A2CEAD26DF8E7800897592 /* LoginViewController.swift */ = {isa = PBXFileReference; lastKnownFileType = sourcecode.swift; path = LoginViewController.swift; sourceTree = "<group>"; };
		18A2CEAF26DF8EAD00897592 /* RegisterViewController.swift */ = {isa = PBXFileReference; lastKnownFileType = sourcecode.swift; path = RegisterViewController.swift; sourceTree = "<group>"; };
		18A2CEB126DF8EC500897592 /* PhotoViewerViewController.swift */ = {isa = PBXFileReference; lastKnownFileType = sourcecode.swift; path = PhotoViewerViewController.swift; sourceTree = "<group>"; };
		18A2CEB326DF8EE600897592 /* VideoPlayerViewController.swift */ = {isa = PBXFileReference; lastKnownFileType = sourcecode.swift; path = VideoPlayerViewController.swift; sourceTree = "<group>"; };
		18A2CEB526DF8F1B00897592 /* NewConversationViewController.swift */ = {isa = PBXFileReference; lastKnownFileType = sourcecode.swift; path = NewConversationViewController.swift; sourceTree = "<group>"; };
		18A2CEB726DF8F3F00897592 /* ProfileViewController.swift */ = {isa = PBXFileReference; lastKnownFileType = sourcecode.swift; path = ProfileViewController.swift; sourceTree = "<group>"; };
/* End PBXFileReference section */

/* Begin PBXFrameworksBuildPhase section */
		18A2CE8D26DF8A3A00897592 /* Frameworks */ = {
			isa = PBXFrameworksBuildPhase;
			buildActionMask = 2147483647;
			files = (
			);
			runOnlyForDeploymentPostprocessing = 0;
		};
/* End PBXFrameworksBuildPhase section */

/* Begin PBXGroup section */
		18A2CE8726DF8A3A00897592 = {
			isa = PBXGroup;
			children = (
				18A2CE9226DF8A3A00897592 /* Chat-Messenger-iOS */,
				18A2CE9126DF8A3A00897592 /* Products */,
			);
			sourceTree = "<group>";
		};
		18A2CE9126DF8A3A00897592 /* Products */ = {
			isa = PBXGroup;
			children = (
				18A2CE9026DF8A3A00897592 /* Chat-Messenger-iOS.app */,
			);
			name = Products;
			sourceTree = "<group>";
		};
		18A2CE9226DF8A3A00897592 /* Chat-Messenger-iOS */ = {
			isa = PBXGroup;
			children = (
				18A2CEAB26DF8C8600897592 /* Resources */,
				18A2CEAA26DF8C7C00897592 /* ViewModels */,
				18A2CEA926DF8C7200897592 /* Models */,
				18A2CEA826DF8C6500897592 /* Views */,
				18A2CEA726DF8C5300897592 /* Controllers */,
				18A2CEA126DF8A3E00897592 /* Info.plist */,
			);
			path = "Chat-Messenger-iOS";
			sourceTree = "<group>";
		};
		18A2CEA726DF8C5300897592 /* Controllers */ = {
			isa = PBXGroup;
			children = (
				18A2CE9726DF8A3A00897592 /* ConversationsViewController.swift */,
				18A2CEAD26DF8E7800897592 /* LoginViewController.swift */,
				18A2CEAF26DF8EAD00897592 /* RegisterViewController.swift */,
				18A2CEB126DF8EC500897592 /* PhotoViewerViewController.swift */,
				18A2CEB326DF8EE600897592 /* VideoPlayerViewController.swift */,
				18A2CEB526DF8F1B00897592 /* NewConversationViewController.swift */,
				18A2CEB726DF8F3F00897592 /* ProfileViewController.swift */,
			);
			path = Controllers;
			sourceTree = "<group>";
		};
		18A2CEA826DF8C6500897592 /* Views */ = {
			isa = PBXGroup;
			children = (
				18A2CEAC26DF8CE700897592 /* Storyboards */,
				18A2CE9C26DF8A3E00897592 /* Assets.xcassets */,
			);
			path = Views;
			sourceTree = "<group>";
		};
		18A2CEA926DF8C7200897592 /* Models */ = {
			isa = PBXGroup;
			children = (
			);
			path = Models;
			sourceTree = "<group>";
		};
		18A2CEAA26DF8C7C00897592 /* ViewModels */ = {
			isa = PBXGroup;
			children = (
			);
			path = ViewModels;
			sourceTree = "<group>";
		};
		18A2CEAB26DF8C8600897592 /* Resources */ = {
			isa = PBXGroup;
			children = (
				18A2CE9326DF8A3A00897592 /* AppDelegate.swift */,
				18A2CE9526DF8A3A00897592 /* SceneDelegate.swift */,
			);
			path = Resources;
			sourceTree = "<group>";
		};
		18A2CEAC26DF8CE700897592 /* Storyboards */ = {
			isa = PBXGroup;
			children = (
				18A2CE9926DF8A3A00897592 /* Main.storyboard */,
				18A2CE9E26DF8A3E00897592 /* LaunchScreen.storyboard */,
			);
			path = Storyboards;
			sourceTree = "<group>";
		};
/* End PBXGroup section */

/* Begin PBXNativeTarget section */
		18A2CE8F26DF8A3A00897592 /* Chat-Messenger-iOS */ = {
			isa = PBXNativeTarget;
			buildConfigurationList = 18A2CEA426DF8A3E00897592 /* Build configuration list for PBXNativeTarget "Chat-Messenger-iOS" */;
			buildPhases = (
				18A2CE8C26DF8A3A00897592 /* Sources */,
				18A2CE8D26DF8A3A00897592 /* Frameworks */,
				18A2CE8E26DF8A3A00897592 /* Resources */,
			);
			buildRules = (
			);
			dependencies = (
			);
			name = "Chat-Messenger-iOS";
			productName = "Chat-Messenger-iOS";
			productReference = 18A2CE9026DF8A3A00897592 /* Chat-Messenger-iOS.app */;
			productType = "com.apple.product-type.application";
		};
/* End PBXNativeTarget section */

/* Begin PBXProject section */
		18A2CE8826DF8A3A00897592 /* Project object */ = {
			isa = PBXProject;
			attributes = {
				LastSwiftUpdateCheck = 1250;
				LastUpgradeCheck = 1250;
				TargetAttributes = {
					18A2CE8F26DF8A3A00897592 = {
						CreatedOnToolsVersion = 12.5.1;
					};
				};
			};
			buildConfigurationList = 18A2CE8B26DF8A3A00897592 /* Build configuration list for PBXProject "Chat-Messenger-iOS" */;
			compatibilityVersion = "Xcode 9.3";
			developmentRegion = en;
			hasScannedForEncodings = 0;
			knownRegions = (
				en,
				Base,
			);
			mainGroup = 18A2CE8726DF8A3A00897592;
			productRefGroup = 18A2CE9126DF8A3A00897592 /* Products */;
			projectDirPath = "";
			projectRoot = "";
			targets = (
				18A2CE8F26DF8A3A00897592 /* Chat-Messenger-iOS */,
			);
		};
/* End PBXProject section */

/* Begin PBXResourcesBuildPhase section */
		18A2CE8E26DF8A3A00897592 /* Resources */ = {
			isa = PBXResourcesBuildPhase;
			buildActionMask = 2147483647;
			files = (
				18A2CEA026DF8A3E00897592 /* LaunchScreen.storyboard in Resources */,
				18A2CE9D26DF8A3E00897592 /* Assets.xcassets in Resources */,
				18A2CE9B26DF8A3A00897592 /* Main.storyboard in Resources */,
			);
			runOnlyForDeploymentPostprocessing = 0;
		};
/* End PBXResourcesBuildPhase section */

/* Begin PBXSourcesBuildPhase section */
		18A2CE8C26DF8A3A00897592 /* Sources */ = {
			isa = PBXSourcesBuildPhase;
			buildActionMask = 2147483647;
			files = (
				18A2CEAE26DF8E7800897592 /* LoginViewController.swift in Sources */,
				18A2CEB026DF8EAD00897592 /* RegisterViewController.swift in Sources */,
				18A2CEB626DF8F1B00897592 /* NewConversationViewController.swift in Sources */,
				18A2CE9826DF8A3A00897592 /* ConversationsViewController.swift in Sources */,
				18A2CEB426DF8EE600897592 /* VideoPlayerViewController.swift in Sources */,
				18A2CE9426DF8A3A00897592 /* AppDelegate.swift in Sources */,
				18A2CEB826DF8F3F00897592 /* ProfileViewController.swift in Sources */,
				18A2CE9626DF8A3A00897592 /* SceneDelegate.swift in Sources */,
				18A2CEB226DF8EC500897592 /* PhotoViewerViewController.swift in Sources */,
			);
			runOnlyForDeploymentPostprocessing = 0;
		};
/* End PBXSourcesBuildPhase section */

/* Begin PBXVariantGroup section */
		18A2CE9926DF8A3A00897592 /* Main.storyboard */ = {
			isa = PBXVariantGroup;
			children = (
				18A2CE9A26DF8A3A00897592 /* Base */,
			);
			name = Main.storyboard;
			sourceTree = "<group>";
		};
		18A2CE9E26DF8A3E00897592 /* LaunchScreen.storyboard */ = {
			isa = PBXVariantGroup;
			children = (
				18A2CE9F26DF8A3E00897592 /* Base */,
			);
			name = LaunchScreen.storyboard;
			sourceTree = "<group>";
		};
/* End PBXVariantGroup section */

/* Begin XCBuildConfiguration section */
		18A2CEA226DF8A3E00897592 /* Debug */ = {
			isa = XCBuildConfiguration;
			buildSettings = {
				ALWAYS_SEARCH_USER_PATHS = NO;
				CLANG_ANALYZER_NONNULL = YES;
				CLANG_ANALYZER_NUMBER_OBJECT_CONVERSION = YES_AGGRESSIVE;
				CLANG_CXX_LANGUAGE_STANDARD = "gnu++14";
				CLANG_CXX_LIBRARY = "libc++";
				CLANG_ENABLE_MODULES = YES;
				CLANG_ENABLE_OBJC_ARC = YES;
				CLANG_ENABLE_OBJC_WEAK = YES;
				CLANG_WARN_BLOCK_CAPTURE_AUTORELEASING = YES;
				CLANG_WARN_BOOL_CONVERSION = YES;
				CLANG_WARN_COMMA = YES;
				CLANG_WARN_CONSTANT_CONVERSION = YES;
				CLANG_WARN_DEPRECATED_OBJC_IMPLEMENTATIONS = YES;
				CLANG_WARN_DIRECT_OBJC_ISA_USAGE = YES_ERROR;
				CLANG_WARN_DOCUMENTATION_COMMENTS = YES;
				CLANG_WARN_EMPTY_BODY = YES;
				CLANG_WARN_ENUM_CONVERSION = YES;
				CLANG_WARN_INFINITE_RECURSION = YES;
				CLANG_WARN_INT_CONVERSION = YES;
				CLANG_WARN_NON_LITERAL_NULL_CONVERSION = YES;
				CLANG_WARN_OBJC_IMPLICIT_RETAIN_SELF = YES;
				CLANG_WARN_OBJC_LITERAL_CONVERSION = YES;
				CLANG_WARN_OBJC_ROOT_CLASS = YES_ERROR;
				CLANG_WARN_QUOTED_INCLUDE_IN_FRAMEWORK_HEADER = YES;
				CLANG_WARN_RANGE_LOOP_ANALYSIS = YES;
				CLANG_WARN_STRICT_PROTOTYPES = YES;
				CLANG_WARN_SUSPICIOUS_MOVE = YES;
				CLANG_WARN_UNGUARDED_AVAILABILITY = YES_AGGRESSIVE;
				CLANG_WARN_UNREACHABLE_CODE = YES;
				CLANG_WARN__DUPLICATE_METHOD_MATCH = YES;
				COPY_PHASE_STRIP = NO;
				DEBUG_INFORMATION_FORMAT = dwarf;
				ENABLE_STRICT_OBJC_MSGSEND = YES;
				ENABLE_TESTABILITY = YES;
				GCC_C_LANGUAGE_STANDARD = gnu11;
				GCC_DYNAMIC_NO_PIC = NO;
				GCC_NO_COMMON_BLOCKS = YES;
				GCC_OPTIMIZATION_LEVEL = 0;
				GCC_PREPROCESSOR_DEFINITIONS = (
					"DEBUG=1",
					"$(inherited)",
				);
				GCC_WARN_64_TO_32_BIT_CONVERSION = YES;
				GCC_WARN_ABOUT_RETURN_TYPE = YES_ERROR;
				GCC_WARN_UNDECLARED_SELECTOR = YES;
				GCC_WARN_UNINITIALIZED_AUTOS = YES_AGGRESSIVE;
				GCC_WARN_UNUSED_FUNCTION = YES;
				GCC_WARN_UNUSED_VARIABLE = YES;
				IPHONEOS_DEPLOYMENT_TARGET = 14.5;
				MTL_ENABLE_DEBUG_INFO = INCLUDE_SOURCE;
				MTL_FAST_MATH = YES;
				ONLY_ACTIVE_ARCH = YES;
				SDKROOT = iphoneos;
				SWIFT_ACTIVE_COMPILATION_CONDITIONS = DEBUG;
				SWIFT_OPTIMIZATION_LEVEL = "-Onone";
			};
			name = Debug;
		};
		18A2CEA326DF8A3E00897592 /* Release */ = {
			isa = XCBuildConfiguration;
			buildSettings = {
				ALWAYS_SEARCH_USER_PATHS = NO;
				CLANG_ANALYZER_NONNULL = YES;
				CLANG_ANALYZER_NUMBER_OBJECT_CONVERSION = YES_AGGRESSIVE;
				CLANG_CXX_LANGUAGE_STANDARD = "gnu++14";
				CLANG_CXX_LIBRARY = "libc++";
				CLANG_ENABLE_MODULES = YES;
				CLANG_ENABLE_OBJC_ARC = YES;
				CLANG_ENABLE_OBJC_WEAK = YES;
				CLANG_WARN_BLOCK_CAPTURE_AUTORELEASING = YES;
				CLANG_WARN_BOOL_CONVERSION = YES;
				CLANG_WARN_COMMA = YES;
				CLANG_WARN_CONSTANT_CONVERSION = YES;
				CLANG_WARN_DEPRECATED_OBJC_IMPLEMENTATIONS = YES;
				CLANG_WARN_DIRECT_OBJC_ISA_USAGE = YES_ERROR;
				CLANG_WARN_DOCUMENTATION_COMMENTS = YES;
				CLANG_WARN_EMPTY_BODY = YES;
				CLANG_WARN_ENUM_CONVERSION = YES;
				CLANG_WARN_INFINITE_RECURSION = YES;
				CLANG_WARN_INT_CONVERSION = YES;
				CLANG_WARN_NON_LITERAL_NULL_CONVERSION = YES;
				CLANG_WARN_OBJC_IMPLICIT_RETAIN_SELF = YES;
				CLANG_WARN_OBJC_LITERAL_CONVERSION = YES;
				CLANG_WARN_OBJC_ROOT_CLASS = YES_ERROR;
				CLANG_WARN_QUOTED_INCLUDE_IN_FRAMEWORK_HEADER = YES;
				CLANG_WARN_RANGE_LOOP_ANALYSIS = YES;
				CLANG_WARN_STRICT_PROTOTYPES = YES;
				CLANG_WARN_SUSPICIOUS_MOVE = YES;
				CLANG_WARN_UNGUARDED_AVAILABILITY = YES_AGGRESSIVE;
				CLANG_WARN_UNREACHABLE_CODE = YES;
				CLANG_WARN__DUPLICATE_METHOD_MATCH = YES;
				COPY_PHASE_STRIP = NO;
				DEBUG_INFORMATION_FORMAT = "dwarf-with-dsym";
				ENABLE_NS_ASSERTIONS = NO;
				ENABLE_STRICT_OBJC_MSGSEND = YES;
				GCC_C_LANGUAGE_STANDARD = gnu11;
				GCC_NO_COMMON_BLOCKS = YES;
				GCC_WARN_64_TO_32_BIT_CONVERSION = YES;
				GCC_WARN_ABOUT_RETURN_TYPE = YES_ERROR;
				GCC_WARN_UNDECLARED_SELECTOR = YES;
				GCC_WARN_UNINITIALIZED_AUTOS = YES_AGGRESSIVE;
				GCC_WARN_UNUSED_FUNCTION = YES;
				GCC_WARN_UNUSED_VARIABLE = YES;
				IPHONEOS_DEPLOYMENT_TARGET = 14.5;
				MTL_ENABLE_DEBUG_INFO = NO;
				MTL_FAST_MATH = YES;
				SDKROOT = iphoneos;
				SWIFT_COMPILATION_MODE = wholemodule;
				SWIFT_OPTIMIZATION_LEVEL = "-O";
				VALIDATE_PRODUCT = YES;
			};
			name = Release;
		};
		18A2CEA526DF8A3E00897592 /* Debug */ = {
			isa = XCBuildConfiguration;
			buildSettings = {
				ASSETCATALOG_COMPILER_APPICON_NAME = AppIcon;
				ASSETCATALOG_COMPILER_GLOBAL_ACCENT_COLOR_NAME = AccentColor;
				CODE_SIGN_STYLE = Automatic;
				DEVELOPMENT_TEAM = 56268T3Q9H;
				INFOPLIST_FILE = "Chat-Messenger-iOS/Info.plist";
				LD_RUNPATH_SEARCH_PATHS = (
					"$(inherited)",
					"@executable_path/Frameworks",
				);
				PRODUCT_BUNDLE_IDENTIFIER = "com.agy3ya.Chat-Messenger-iOS";
				PRODUCT_NAME = "$(TARGET_NAME)";
				SWIFT_VERSION = 5.0;
				TARGETED_DEVICE_FAMILY = "1,2";
			};
			name = Debug;
		};
		18A2CEA626DF8A3E00897592 /* Release */ = {
			isa = XCBuildConfiguration;
			buildSettings = {
				ASSETCATALOG_COMPILER_APPICON_NAME = AppIcon;
				ASSETCATALOG_COMPILER_GLOBAL_ACCENT_COLOR_NAME = AccentColor;
				CODE_SIGN_STYLE = Automatic;
				DEVELOPMENT_TEAM = 56268T3Q9H;
				INFOPLIST_FILE = "Chat-Messenger-iOS/Info.plist";
				LD_RUNPATH_SEARCH_PATHS = (
					"$(inherited)",
					"@executable_path/Frameworks",
				);
				PRODUCT_BUNDLE_IDENTIFIER = "com.agy3ya.Chat-Messenger-iOS";
				PRODUCT_NAME = "$(TARGET_NAME)";
				SWIFT_VERSION = 5.0;
				TARGETED_DEVICE_FAMILY = "1,2";
			};
			name = Release;
		};
/* End XCBuildConfiguration section */

/* Begin XCConfigurationList section */
		18A2CE8B26DF8A3A00897592 /* Build configuration list for PBXProject "Chat-Messenger-iOS" */ = {
			isa = XCConfigurationList;
			buildConfigurations = (
				18A2CEA226DF8A3E00897592 /* Debug */,
				18A2CEA326DF8A3E00897592 /* Release */,
			);
			defaultConfigurationIsVisible = 0;
			defaultConfigurationName = Release;
		};
		18A2CEA426DF8A3E00897592 /* Build configuration list for PBXNativeTarget "Chat-Messenger-iOS" */ = {
			isa = XCConfigurationList;
			buildConfigurations = (
				18A2CEA526DF8A3E00897592 /* Debug */,
				18A2CEA626DF8A3E00897592 /* Release */,
			);
			defaultConfigurationIsVisible = 0;
			defaultConfigurationName = Release;
		};
/* End XCConfigurationList section */
	};
	rootObject = 18A2CE8826DF8A3A00897592 /* Project object */;
}
